
Microsoft Visual Studio Solution File, Format Version 12.00
# Visual Studio Version 17
VisualStudioVersion = 17.11.35303.130
MinimumVisualStudioVersion = 10.0.40219.1
Project("{2150E333-8FDC-42A3-9474-1A3956D46DE8}") = "src", "src", "{794D4A32-3E9A-41BD-AED8-9736DDFF90AE}"
EndProject
Project("{2150E333-8FDC-42A3-9474-1A3956D46DE8}") = "tests", "tests", "{766E7727-BD61-4B7A-A143-AC64F1DA84A9}"
EndProject
Project("{2150E333-8FDC-42A3-9474-1A3956D46DE8}") = "Backend", "Backend", "{EDABA573-028A-4227-A743-B5CBC32ADE4B}"
EndProject
Project("{2150E333-8FDC-42A3-9474-1A3956D46DE8}") = "Shared", "Shared", "{76B5B99B-F53A-4CB2-9D86-2219B06D8D47}"
EndProject
Project("{FAE04EC0-301F-11D3-BF4B-00C04F79EFBC}") = "Cookbook.API", "src\Backend\Cookbook.API\Cookbook.API.csproj", "{B68C1367-C310-4D5A-8F1A-F6C5A4572C65}"
EndProject
Project("{FAE04EC0-301F-11D3-BF4B-00C04F79EFBC}") = "Cookbook.Application", "src\Backend\Cookbook.Application\Cookbook.Application.csproj", "{3E0F8A63-BF83-4D25-AEA0-AA8FCA7137F5}"
EndProject
Project("{FAE04EC0-301F-11D3-BF4B-00C04F79EFBC}") = "Cookbook.Domain", "src\Backend\Cookbook.Domain\Cookbook.Domain.csproj", "{2E526400-EA62-4E61-9FD8-B0ACD8E978E9}"
EndProject
Project("{FAE04EC0-301F-11D3-BF4B-00C04F79EFBC}") = "Cookbook.Infrastructure", "src\Backend\Cookbook.Infrastructure\Cookbook.Infrastructure.csproj", "{B37393FC-180D-45C8-9D07-9B7DC7A21EE4}"
EndProject
Project("{FAE04EC0-301F-11D3-BF4B-00C04F79EFBC}") = "Cookbook.Communication", "src\Shared\Cookbook.Communication\Cookbook.Communication.csproj", "{F8200518-F5C0-4D82-A578-D073543310C1}"
EndProject
Project("{FAE04EC0-301F-11D3-BF4B-00C04F79EFBC}") = "Cookbook.Exceptions", "src\Shared\Cookbook.Exceptions\Cookbook.Exceptions.csproj", "{A472AD01-A91D-4D33-9C08-DB07D96800B8}"
EndProject
Global
	GlobalSection(SolutionConfigurationPlatforms) = preSolution
		Debug|Any CPU = Debug|Any CPU
		Release|Any CPU = Release|Any CPU
	EndGlobalSection
	GlobalSection(ProjectConfigurationPlatforms) = postSolution
		{B68C1367-C310-4D5A-8F1A-F6C5A4572C65}.Debug|Any CPU.ActiveCfg = Debug|Any CPU
		{B68C1367-C310-4D5A-8F1A-F6C5A4572C65}.Debug|Any CPU.Build.0 = Debug|Any CPU
		{B68C1367-C310-4D5A-8F1A-F6C5A4572C65}.Release|Any CPU.ActiveCfg = Release|Any CPU
		{B68C1367-C310-4D5A-8F1A-F6C5A4572C65}.Release|Any CPU.Build.0 = Release|Any CPU
		{3E0F8A63-BF83-4D25-AEA0-AA8FCA7137F5}.Debug|Any CPU.ActiveCfg = Debug|Any CPU
		{3E0F8A63-BF83-4D25-AEA0-AA8FCA7137F5}.Debug|Any CPU.Build.0 = Debug|Any CPU
		{3E0F8A63-BF83-4D25-AEA0-AA8FCA7137F5}.Release|Any CPU.ActiveCfg = Release|Any CPU
		{3E0F8A63-BF83-4D25-AEA0-AA8FCA7137F5}.Release|Any CPU.Build.0 = Release|Any CPU
		{2E526400-EA62-4E61-9FD8-B0ACD8E978E9}.Debug|Any CPU.ActiveCfg = Debug|Any CPU
		{2E526400-EA62-4E61-9FD8-B0ACD8E978E9}.Debug|Any CPU.Build.0 = Debug|Any CPU
		{2E526400-EA62-4E61-9FD8-B0ACD8E978E9}.Release|Any CPU.ActiveCfg = Release|Any CPU
		{2E526400-EA62-4E61-9FD8-B0ACD8E978E9}.Release|Any CPU.Build.0 = Release|Any CPU
		{B37393FC-180D-45C8-9D07-9B7DC7A21EE4}.Debug|Any CPU.ActiveCfg = Debug|Any CPU
		{B37393FC-180D-45C8-9D07-9B7DC7A21EE4}.Debug|Any CPU.Build.0 = Debug|Any CPU
		{B37393FC-180D-45C8-9D07-9B7DC7A21EE4}.Release|Any CPU.ActiveCfg = Release|Any CPU
		{B37393FC-180D-45C8-9D07-9B7DC7A21EE4}.Release|Any CPU.Build.0 = Release|Any CPU
		{F8200518-F5C0-4D82-A578-D073543310C1}.Debug|Any CPU.ActiveCfg = Debug|Any CPU
		{F8200518-F5C0-4D82-A578-D073543310C1}.Debug|Any CPU.Build.0 = Debug|Any CPU
		{F8200518-F5C0-4D82-A578-D073543310C1}.Release|Any CPU.ActiveCfg = Release|Any CPU
		{F8200518-F5C0-4D82-A578-D073543310C1}.Release|Any CPU.Build.0 = Release|Any CPU
		{A472AD01-A91D-4D33-9C08-DB07D96800B8}.Debug|Any CPU.ActiveCfg = Debug|Any CPU
		{A472AD01-A91D-4D33-9C08-DB07D96800B8}.Debug|Any CPU.Build.0 = Debug|Any CPU
		{A472AD01-A91D-4D33-9C08-DB07D96800B8}.Release|Any CPU.ActiveCfg = Release|Any CPU
		{A472AD01-A91D-4D33-9C08-DB07D96800B8}.Release|Any CPU.Build.0 = Release|Any CPU
	EndGlobalSection
	GlobalSection(SolutionProperties) = preSolution
		HideSolutionNode = FALSE
	EndGlobalSection
	GlobalSection(NestedProjects) = preSolution
		{EDABA573-028A-4227-A743-B5CBC32ADE4B} = {794D4A32-3E9A-41BD-AED8-9736DDFF90AE}
		{76B5B99B-F53A-4CB2-9D86-2219B06D8D47} = {794D4A32-3E9A-41BD-AED8-9736DDFF90AE}
		{B68C1367-C310-4D5A-8F1A-F6C5A4572C65} = {EDABA573-028A-4227-A743-B5CBC32ADE4B}
		{3E0F8A63-BF83-4D25-AEA0-AA8FCA7137F5} = {EDABA573-028A-4227-A743-B5CBC32ADE4B}
		{2E526400-EA62-4E61-9FD8-B0ACD8E978E9} = {EDABA573-028A-4227-A743-B5CBC32ADE4B}
		{B37393FC-180D-45C8-9D07-9B7DC7A21EE4} = {EDABA573-028A-4227-A743-B5CBC32ADE4B}
		{F8200518-F5C0-4D82-A578-D073543310C1} = {76B5B99B-F53A-4CB2-9D86-2219B06D8D47}
		{A472AD01-A91D-4D33-9C08-DB07D96800B8} = {76B5B99B-F53A-4CB2-9D86-2219B06D8D47}
	EndGlobalSection
	GlobalSection(ExtensibilityGlobals) = postSolution
		SolutionGuid = {4BEE6FD8-EA2E-42D9-BBD5-6C9A0E60CDE8}
	EndGlobalSection
EndGlobal
